# THIS IS AN AUTOGENERATED FILE. DO NOT EDIT THIS FILE DIRECTLY.
# yarn lockfile v1


"@types/d3-array@3.0.3":
  version "3.0.3"
  resolved "https://artifactory.spotify.net/artifactory/api/npm/virtual-npm/@types/d3-array/-/d3-array-3.0.3.tgz#87d990bf504d14ad6b16766979d04e943c046dac"
  integrity sha512-Reoy+pKnvsksN0lQUlcH6dOGjRZ/3WRwXR//m+/8lt1BXeI4xyaUZoqULNjyXXRuh0Mj4LNpkCvhUpQlY3X5xQ==

"@types/d3-color@*":
  version "3.1.3"
  resolved "https://artifactory.spotify.net/artifactory/api/npm/virtual-npm/@types/d3-color/-/d3-color-3.1.3.tgz#368c961a18de721da8200e80bf3943fb53136af2"
  integrity sha512-iO90scth9WAbmgv7ogoq57O9YpKmFBbmoEoCHDB2xMBY0+/KVrqAaCDyCE16dUspeOvIxFFRI+0sEtqDqy2b4A==

"@types/d3-color@3.1.0":
  version "3.1.0"
  resolved "https://artifactory.spotify.net/artifactory/api/npm/virtual-npm/@types/d3-color/-/d3-color-3.1.0.tgz#6594da178ded6c7c3842f3cc0ac84b156f12f2d4"
  integrity sha512-HKuicPHJuvPgCD+np6Se9MQvS6OCbJmOjGvylzMJRlDwUXjKTTXs6Pwgk79O09Vj/ho3u1ofXnhFOaEWWPrlwA==

"@types/d3-delaunay@6.0.1":
  version "6.0.1"
  resolved "https://artifactory.spotify.net/artifactory/api/npm/virtual-npm/@types/d3-delaunay/-/d3-delaunay-6.0.1.tgz#006b7bd838baec1511270cb900bf4fc377bbbf41"
  integrity sha512-tLxQ2sfT0p6sxdG75c6f/ekqxjyYR0+LwPrsO1mbC9YDBzPJhs2HbJJRrn8Ez1DBoHRo2yx7YEATI+8V1nGMnQ==

"@types/d3-format@3.0.1":
  version "3.0.1"
  resolved "https://artifactory.spotify.net/artifactory/api/npm/virtual-npm/@types/d3-format/-/d3-format-3.0.1.tgz#194f1317a499edd7e58766f96735bdc0216bb89d"
  integrity sha512-5KY70ifCCzorkLuIkDe0Z9YTf9RR2CjBX1iaJG+rgM/cPP+sO+q9YdQ9WdhQcgPj1EQiJ2/0+yUkkziTG6Lubg==

"@types/d3-geo@3.1.0":
  version "3.1.0"
  resolved "https://artifactory.spotify.net/artifactory/api/npm/virtual-npm/@types/d3-geo/-/d3-geo-3.1.0.tgz#b9e56a079449174f0a2c8684a9a4df3f60522440"
  integrity sha512-856sckF0oP/diXtS4jNsiQw/UuK5fQG8l/a9VVLeSouf1/PPbBE1i1W852zVwKwYCBkFJJB7nCFTbk6UMEXBOQ==
  dependencies:
    "@types/geojson" "*"

"@types/d3-interpolate@3.0.1":
  version "3.0.1"
  resolved "https://artifactory.spotify.net/artifactory/api/npm/virtual-npm/@types/d3-interpolate/-/d3-interpolate-3.0.1.tgz#e7d17fa4a5830ad56fe22ce3b4fac8541a9572dc"
  integrity sha512-jx5leotSeac3jr0RePOH1KdR9rISG91QIE4Q2PYTu4OymLTZfA3SrnURSLzKH48HmXVUru50b8nje4E79oQSQw==
  dependencies:
    "@types/d3-color" "*"

"@types/d3-path@^1", "@types/d3-path@^1.0.8":
  version "1.0.11"
  resolved "https://artifactory.spotify.net/artifactory/api/npm/virtual-npm/@types/d3-path/-/d3-path-1.0.11.tgz#45420fee2d93387083b34eae4fe6d996edf482bc"
  integrity sha512-4pQMp8ldf7UaB/gR8Fvvy69psNHkTpD/pVw3vmEi8iZAB9EPMBruB1JvHO4BIq9QkUUd2lV1F5YXpMNj7JPBpw==

"@types/d3-scale@4.0.2":
  version "4.0.2"
  resolved "https://artifactory.spotify.net/artifactory/api/npm/virtual-npm/@types/d3-scale/-/d3-scale-4.0.2.tgz#41be241126af4630524ead9cb1008ab2f0f26e69"
  integrity sha512-Yk4htunhPAwN0XGlIwArRomOjdoBFXC3+kCxK2Ubg7I9shQlVSJy/pG/Ht5ASN+gdMIalpk8TJ5xV74jFsetLA==
  dependencies:
    "@types/d3-time" "*"

"@types/d3-shape@^1.3.1":
  version "1.3.12"
  resolved "https://artifactory.spotify.net/artifactory/api/npm/virtual-npm/@types/d3-shape/-/d3-shape-1.3.12.tgz#8f2f9f7a12e631ce6700d6d55b84795ce2c8b259"
  integrity sha512-8oMzcd4+poSLGgV0R1Q1rOlx/xdmozS4Xab7np0eamFFUYq71AU9pOCJEFnkXW2aI/oXdVYJzw6pssbSut7Z9Q==
  dependencies:
    "@types/d3-path" "^1"

"@types/d3-time-format@2.1.0":
  version "2.1.0"
  resolved "https://artifactory.spotify.net/artifactory/api/npm/virtual-npm/@types/d3-time-format/-/d3-time-format-2.1.0.tgz#011e0fb7937be34a9a8f580ae1e2f2f1336a8a22"
  integrity sha512-/myT3I7EwlukNOX2xVdMzb8FRgNzRMpsZddwst9Ld/VFe6LyJyRp0s32l/V9XoUzk+Gqu56F/oGk6507+8BxrA==

"@types/d3-time@*":
  version "3.0.3"
  resolved "https://artifactory.spotify.net/artifactory/api/npm/virtual-npm/@types/d3-time/-/d3-time-3.0.3.tgz#3c186bbd9d12b9d84253b6be6487ca56b54f88be"
  integrity sha512-2p6olUZ4w3s+07q3Tm2dbiMZy5pCDfYwtLXXHUnVzXgQlZ/OyPtUz6OL382BkOuGlLXqfT+wqv8Fw2v8/0geBw==

"@types/d3-time@3.0.0":
  version "3.0.0"
  resolved "https://artifactory.spotify.net/artifactory/api/npm/virtual-npm/@types/d3-time/-/d3-time-3.0.0.tgz#e1ac0f3e9e195135361fa1a1d62f795d87e6e819"
  integrity sha512-sZLCdHvBUcNby1cB6Fd3ZBrABbjz3v1Vm90nysCQ6Vt7vd6e/h9Lt7SiJUoEX0l4Dzc7P5llKyhqSi1ycSf1Hg==

"@types/d3-voronoi@^1.1.9":
  version "1.1.12"
  resolved "https://artifactory.spotify.net/artifactory/api/npm/virtual-npm/@types/d3-voronoi/-/d3-voronoi-1.1.12.tgz#99d1bbf5438ac222727493bef2283da62ffc0aa3"
  integrity sha512-DauBl25PKZZ0WVJr42a6CNvI6efsdzofl9sajqZr2Gf5Gu733WkDdUGiPkUHXiUvYGzNNlFQde2wdZdfQPG+yw==

"@types/geojson@*":
  version "7946.0.14"
  resolved "https://artifactory.spotify.net/artifactory/api/npm/virtual-npm/@types/geojson/-/geojson-7946.0.14.tgz#319b63ad6df705ee2a65a73ef042c8271e696613"
  integrity sha512-WCfD5Ht3ZesJUsONdhvm84dmzWOiOzOAqOncN0++w0lBw1o8OuDNJF2McvvCef/yBqb/HYRahp1BYtODFQ8bRg==

"@types/lodash@^4.14.172":
  version "4.17.4"
  resolved "https://artifactory.spotify.net/artifactory/api/npm/virtual-npm/@types/lodash/-/lodash-4.17.4.tgz#0303b64958ee070059e3a7184048a55159fe20b7"
  integrity sha512-wYCP26ZLxaT3R39kiN2+HcJ4kTd3U1waI/cY7ivWYqFP6pW3ZNpvi6Wd6PHZx7T/t8z0vlkXMg3QYLa7DZ/IJQ==

"@types/prop-types@*":
  version "15.7.12"
  resolved "https://artifactory.spotify.net/artifactory/api/npm/virtual-npm/@types/prop-types/-/prop-types-15.7.12.tgz#12bb1e2be27293c1406acb6af1c3f3a1481d98c6"
  integrity sha512-5zvhXYtRNRluoE/jAp4GVsSduVUzNWKkOZrCDBWYtE7biZywwdC2AcEzg+cSMLFRfVgeAFqpfNabiPjxFddV1Q==

"@types/react-dom@*":
  version "18.3.0"
  resolved "https://artifactory.spotify.net/artifactory/api/npm/virtual-npm/@types/react-dom/-/react-dom-18.3.0.tgz#0cbc818755d87066ab6ca74fbedb2547d74a82b0"
  integrity sha512-EhwApuTmMBmXuFOikhQLIBUn6uFg81SwLMOAUgodJF14SOBOCMdU04gDoYi0WOJJHD144TL32z4yDqCW3dnkQg==
  dependencies:
    "@types/react" "*"

"@types/react@*", "@types/react@^18.3.3":
  version "18.3.3"
  resolved "https://artifactory.spotify.net/artifactory/api/npm/virtual-npm/@types/react/-/react-18.3.3.tgz#9679020895318b0915d7a3ab004d92d33375c45f"
  integrity sha512-hti/R0pS0q1/xx+TsI73XIqk26eBsISZ2R0wUijXIngRK9R/e7Xw/cXVxQK7R5JjW+SV4zGcn5hXjudkN/pLIw==
  dependencies:
    "@types/prop-types" "*"
    csstype "^3.0.2"

"@visx/annotation@3.3.0":
  version "3.3.0"
  resolved "https://artifactory.spotify.net/artifactory/api/npm/virtual-npm/@visx/annotation/-/annotation-3.3.0.tgz#2297ed3ea30ec334ced586cff014a69ec7e843b9"
  integrity sha512-v0htpd/sT1kdU1N7frqmj078UByJXUwPQJT9LENv0ypssjGyRgvZERjkgSUuMKMjZquOBs/f6XOzxF4mLV57sA==
  dependencies:
    "@types/react" "*"
    "@visx/drag" "3.3.0"
    "@visx/group" "3.3.0"
    "@visx/text" "3.3.0"
    classnames "^2.3.1"
    prop-types "^15.5.10"
    react-use-measure "^2.0.4"

"@visx/axis@3.10.1":
  version "3.10.1"
  resolved "https://artifactory.spotify.net/artifactory/api/npm/virtual-npm/@visx/axis/-/axis-3.10.1.tgz#c2003993517d8bf398fe8edd41be70b6931ccc6e"
  integrity sha512-HBEDLcpZoJ16hFbkYu3S6mN5mbwlFmUWY5yN967X06RdIL4LmAG3gnZ7u4F9buA3LQo+trJXW78moN005odD4Q==
  dependencies:
    "@types/react" "*"
    "@visx/group" "3.3.0"
    "@visx/point" "3.3.0"
    "@visx/scale" "3.5.0"
    "@visx/shape" "3.5.0"
    "@visx/text" "3.3.0"
    classnames "^2.3.1"
    prop-types "^15.6.0"

"@visx/bounds@3.3.0":
  version "3.3.0"
  resolved "https://artifactory.spotify.net/artifactory/api/npm/virtual-npm/@visx/bounds/-/bounds-3.3.0.tgz#6ccecda636f1f970478f392dff2f6136aaead24f"
  integrity sha512-gESmN+4N2NkeUzqQEDZaS63umkGfMp9XjQcKBqtOR64mjjQtamh3lNVRWvKjJ2Zb421RbYHWq22Wv9nay6ZUOg==
  dependencies:
    "@types/react" "*"
    "@types/react-dom" "*"
    prop-types "^15.5.10"

"@visx/curve@3.3.0":
  version "3.3.0"
  resolved "https://artifactory.spotify.net/artifactory/api/npm/virtual-npm/@visx/curve/-/curve-3.3.0.tgz#a5ed8f1511d404ef83c0b956ed5021088ac64b0e"
  integrity sha512-G1l1rzGWwIs8ka3mBhO/gj8uYK6XdU/3bwRSoiZ+MockMahQFPog0bUkuVgPwwzPSJfsA/E5u53Y/DNesnHQxg==
  dependencies:
    "@types/d3-shape" "^1.3.1"
    d3-shape "^1.0.6"

"@visx/drag@3.3.0":
  version "3.3.0"
  resolved "https://artifactory.spotify.net/artifactory/api/npm/virtual-npm/@visx/drag/-/drag-3.3.0.tgz#d44a9f7409c9da468ae37ef9bf30899144da7720"
  integrity sha512-fLNsorq6GyANCqAE/dToG0q7YoGVxihGC9FZQUp0MCV1wMJIJ45ximhrl5NDng2ytbpWnBmXu8M8hdsdFuvIXw==
  dependencies:
    "@types/react" "*"
    "@visx/event" "3.3.0"
    "@visx/point" "3.3.0"
    prop-types "^15.5.10"

"@visx/event@3.3.0":
  version "3.3.0"
  resolved "https://artifactory.spotify.net/artifactory/api/npm/virtual-npm/@visx/event/-/event-3.3.0.tgz#30bb7f02857800749219e4ba76fce53df4d47353"
  integrity sha512-fKalbNgNz2ooVOTXhvcOx5IlEQDgVfX66rI7bgZhBxI2/scy+5rWcXJXpwkheRF68SMx9R93SjKW6tmiD0h+jA==
  dependencies:
    "@types/react" "*"
    "@visx/point" "3.3.0"

"@visx/glyph@3.3.0":
  version "3.3.0"
  resolved "https://artifactory.spotify.net/artifactory/api/npm/virtual-npm/@visx/glyph/-/glyph-3.3.0.tgz#bea3519d6094e96ea5fd1935030273bcdd8cb32f"
  integrity sha512-U2r1rFLpim3afKuuAmrbxXGSDCaLwXHmjXxWN8PiIQPMxpS7eaa/V5g2TRd/+x0KCkaf3Ismk4VKMl8ZlrmxIQ==
  dependencies:
    "@types/d3-shape" "^1.3.1"
    "@types/react" "*"
    "@visx/group" "3.3.0"
    classnames "^2.3.1"
    d3-shape "^1.2.0"
    prop-types "^15.6.2"

"@visx/grid@3.5.0":
  version "3.5.0"
  resolved "https://artifactory.spotify.net/artifactory/api/npm/virtual-npm/@visx/grid/-/grid-3.5.0.tgz#a20058f2c7553e3f2f2ec140bdfdf4434ffd5f41"
  integrity sha512-i1pdobTE223ItMiER3q4ojIaZWja3vg46TkS6FotnBZ4c0VRDHSrALQPdi0na+YEgppASWCQ2WrI/vD6mIkhSg==
  dependencies:
    "@types/react" "*"
    "@visx/curve" "3.3.0"
    "@visx/group" "3.3.0"
    "@visx/point" "3.3.0"
    "@visx/scale" "3.5.0"
    "@visx/shape" "3.5.0"
    classnames "^2.3.1"
    prop-types "^15.6.2"

"@visx/group@3.3.0":
  version "3.3.0"
  resolved "https://artifactory.spotify.net/artifactory/api/npm/virtual-npm/@visx/group/-/group-3.3.0.tgz#20c1b75c1ab31798c3c702b6f58c412c688a6373"
  integrity sha512-yKepDKwJqlzvnvPS0yDuW13XNrYJE4xzT6xM7J++441nu6IybWWwextyap8ey+kU651cYDb+q1Oi6aHvQwyEyw==
  dependencies:
    "@types/react" "*"
    classnames "^2.3.1"
    prop-types "^15.6.2"

"@visx/point@3.3.0":
  version "3.3.0"
  resolved "https://artifactory.spotify.net/artifactory/api/npm/virtual-npm/@visx/point/-/point-3.3.0.tgz#7a705e09892ae45b4c9cf3155e9be3a3845460d8"
  integrity sha512-03eBBIJarkmX79WbeEGTUZwmS5/MUuabbiM9KfkGS9pETBTWkp1DZtEHZdp5z34x5TDQVLSi0rk1Plg3/8RtDg==

"@visx/react-spring@3.10.1":
  version "3.10.1"
  resolved "https://artifactory.spotify.net/artifactory/api/npm/virtual-npm/@visx/react-spring/-/react-spring-3.10.1.tgz#d104b19f8f6d2c91c999670f623215813e8b00c3"
  integrity sha512-OB64l98nGF0pBFXUmAgzQVJNhQvLXTw3RpyP11LpljJh4NRtpcnuHAYCruVQJjRrN7MIrqPdhhG0xvibLib2rg==
  dependencies:
    "@types/react" "*"
    "@visx/axis" "3.10.1"
    "@visx/grid" "3.5.0"
    "@visx/scale" "3.5.0"
    "@visx/text" "3.3.0"
    classnames "^2.3.1"
    prop-types "^15.6.2"

"@visx/responsive@3.10.2":
  version "3.10.2"
  resolved "https://artifactory.spotify.net/artifactory/api/npm/virtual-npm/@visx/responsive/-/responsive-3.10.2.tgz#fbd085c3f12418df71b4283e8d5188dd4427af90"
  integrity sha512-oDzFnLLpGpvTcFDoixVJX6iKOVzNJJW4dlAnsfgtxa/ibgMFZGoN4QL3NIzVlgg9s0fTDFCgQ+0FSMv1VvgKlQ==
  dependencies:
    "@types/lodash" "^4.14.172"
    "@types/react" "*"
    lodash "^4.17.21"
    prop-types "^15.6.1"

"@visx/scale@3.5.0":
  version "3.5.0"
  resolved "https://artifactory.spotify.net/artifactory/api/npm/virtual-npm/@visx/scale/-/scale-3.5.0.tgz#c3db3863bbdd24d44781104ef5ee4cdc8df6f11d"
  integrity sha512-xo3zrXV2IZxrMq9Y9RUVJUpd93h3NO/r/y3GVi5F9AsbOzOhsLIbsPkunhO9mpUSR8LZ9TiumLEBrY+3frRBSg==
  dependencies:
    "@visx/vendor" "3.5.0"

"@visx/shape@3.5.0":
  version "3.5.0"
  resolved "https://artifactory.spotify.net/artifactory/api/npm/virtual-npm/@visx/shape/-/shape-3.5.0.tgz#fa4bb7a9ed863360be541d75c434503246305e36"
  integrity sha512-DP3t9jBQ7dSE3e6ptA1xO4QAIGxO55GrY/6P+S6YREuQGjZgq20TLYLAsiaoPEzFSS4tp0m12ZTPivWhU2VBTw==
  dependencies:
    "@types/d3-path" "^1.0.8"
    "@types/d3-shape" "^1.3.1"
    "@types/lodash" "^4.14.172"
    "@types/react" "*"
    "@visx/curve" "3.3.0"
    "@visx/group" "3.3.0"
    "@visx/scale" "3.5.0"
    classnames "^2.3.1"
    d3-path "^1.0.5"
    d3-shape "^1.2.0"
    lodash "^4.17.21"
    prop-types "^15.5.10"

"@visx/text@3.3.0":
  version "3.3.0"
  resolved "https://artifactory.spotify.net/artifactory/api/npm/virtual-npm/@visx/text/-/text-3.3.0.tgz#f53366a9c18bc448c6b8869527c0f75c9591e7a7"
  integrity sha512-fOimcsf0GtQE9whM5MdA/xIkHMaV29z7qNqNXysUDE8znSMKsN+ott7kSg2ljAEE89CQo3WKHkPNettoVsa84w==
  dependencies:
    "@types/lodash" "^4.14.172"
    "@types/react" "*"
    classnames "^2.3.1"
    lodash "^4.17.21"
    prop-types "^15.7.2"
    reduce-css-calc "^1.3.0"

"@visx/tooltip@3.3.0":
  version "3.3.0"
  resolved "https://artifactory.spotify.net/artifactory/api/npm/virtual-npm/@visx/tooltip/-/tooltip-3.3.0.tgz#9d5e6199dacd82052678207204a33f028fe15e02"
  integrity sha512-0ovbxnvAphEU/RVJprWHdOJT7p3YfBDpwXclXRuhIY2EkH59g8sDHatDcYwiNPeqk61jBh1KACRZxqToMuutlg==
  dependencies:
    "@types/react" "*"
    "@visx/bounds" "3.3.0"
    classnames "^2.3.1"
    prop-types "^15.5.10"
    react-use-measure "^2.0.4"

"@visx/vendor@3.5.0":
  version "3.5.0"
  resolved "https://artifactory.spotify.net/artifactory/api/npm/virtual-npm/@visx/vendor/-/vendor-3.5.0.tgz#a9990382ba759b9c4049be303d65d2cb3ca034a8"
  integrity sha512-yt3SEZRVmt36+APsCISSO9eSOtzQkBjt+QRxNRzcTWuzwMAaF3PHCCSe31++kkpgY9yFoF+Gfes1TBe5NlETiQ==
  dependencies:
    "@types/d3-array" "3.0.3"
    "@types/d3-color" "3.1.0"
    "@types/d3-delaunay" "6.0.1"
    "@types/d3-format" "3.0.1"
    "@types/d3-geo" "3.1.0"
    "@types/d3-interpolate" "3.0.1"
    "@types/d3-scale" "4.0.2"
    "@types/d3-time" "3.0.0"
    "@types/d3-time-format" "2.1.0"
    d3-array "3.2.1"
    d3-color "3.1.0"
    d3-delaunay "6.0.2"
    d3-format "3.1.0"
    d3-geo "3.1.0"
    d3-interpolate "3.0.1"
    d3-scale "4.0.2"
    d3-time "3.1.0"
    d3-time-format "4.1.0"
    internmap "2.0.3"

"@visx/voronoi@3.3.0":
  version "3.3.0"
  resolved "https://artifactory.spotify.net/artifactory/api/npm/virtual-npm/@visx/voronoi/-/voronoi-3.3.0.tgz#ab184034cca858978344f9a8bb4293f465972247"
  integrity sha512-twVovwdcEZZRkFV+x6yXGcyohf7gYHz0y/dFoS0SfGtEwT+CMEQgfO3ZDNQjU8X/m8je/wu9qtd35Zur+0RYOQ==
  dependencies:
    "@types/d3-voronoi" "^1.1.9"
    "@types/react" "*"
    classnames "^2.3.1"
    d3-voronoi "^1.1.2"
    prop-types "^15.6.1"

"@visx/xychart@^3.10.2":
  version "3.10.2"
  resolved "https://artifactory.spotify.net/artifactory/api/npm/virtual-npm/@visx/xychart/-/xychart-3.10.2.tgz#dc9df43704bd5d496300958f0b41c32bb775552f"
  integrity sha512-5anIMd8QELJP+FMYYeC4vtdhSfHZlz+bx5NGe5eNSAfMFmrEJavYmhV8WblnjBa2DAm46E4yAP+8FJJG24MrSA==
  dependencies:
    "@types/lodash" "^4.14.172"
    "@types/react" "*"
    "@visx/annotation" "3.3.0"
    "@visx/axis" "3.10.1"
    "@visx/event" "3.3.0"
    "@visx/glyph" "3.3.0"
    "@visx/grid" "3.5.0"
    "@visx/react-spring" "3.10.1"
    "@visx/responsive" "3.10.2"
    "@visx/scale" "3.5.0"
    "@visx/shape" "3.5.0"
    "@visx/text" "3.3.0"
    "@visx/tooltip" "3.3.0"
    "@visx/vendor" "3.5.0"
    "@visx/voronoi" "3.3.0"
    classnames "^2.3.1"
    d3-interpolate-path "2.2.1"
    d3-shape "^2.0.0"
    lodash "^4.17.21"
    mitt "^2.1.0"
    prop-types "^15.6.2"

balanced-match@^0.4.2:
  version "0.4.2"
  resolved "https://artifactory.spotify.net/artifactory/api/npm/virtual-npm/balanced-match/-/balanced-match-0.4.2.tgz#cb3f3e3c732dc0f01ee70b403f302e61d7709838"
  integrity sha512-STw03mQKnGUYtoNjmowo4F2cRmIIxYEGiMsjjwla/u5P1lxadj/05WkNaFjNiKTgJkj8KiXbgAiRTmcQRwQNtg==

balanced-match@^1.0.0:
  version "1.0.2"
  resolved "https://artifactory.spotify.net/artifactory/api/npm/virtual-npm/balanced-match/-/balanced-match-1.0.2.tgz#e83e3a7e3f300b34cb9d87f615fa0cbf357690ee"
  integrity sha512-3oSeUO0TMV67hN1AmbXsK4yaqU7tjiHlbxRDZOpH0KW9+CeX4bRAaX0Anxt0tx2MrpRpWwQaPwIlISEJhYU5Pw==

classnames@^2.3.1:
  version "2.5.1"
  resolved "https://artifactory.spotify.net/artifactory/api/npm/virtual-npm/classnames/-/classnames-2.5.1.tgz#ba774c614be0f016da105c858e7159eae8e7687b"
  integrity sha512-saHYOzhIQs6wy2sVxTM6bUDsQO4F50V9RQ22qBpEdCW+I+/Wmke2HOl6lS6dTpdxVhb88/I6+Hs+438c3lfUow==

csstype@^3.0.2:
  version "3.1.3"
  resolved "https://artifactory.spotify.net/artifactory/api/npm/virtual-npm/csstype/-/csstype-3.1.3.tgz#d80ff294d114fb0e6ac500fbf85b60137d7eff81"
  integrity sha512-M1uQkMl8rQK/szD0LNhtqxIPLpimGm8sOBwU7lLnCpSbTyY3yeU1Vc7l4KT5zT4s/yOxHH5O7tIuuLOCnLADRw==

"d3-array@2 - 3", "d3-array@2.10.0 - 3", "d3-array@2.5.0 - 3":
  version "3.2.4"
  resolved "https://artifactory.spotify.net/artifactory/api/npm/virtual-npm/d3-array/-/d3-array-3.2.4.tgz#15fec33b237f97ac5d7c986dc77da273a8ed0bb5"
  integrity sha512-tdQAmyA18i4J7wprpYq8ClcxZy3SC31QMeByyCFyRt7BVHdREQZ5lpzoe5mFEYZUWe+oq8HBvk9JjpibyEV4Jg==
  dependencies:
    internmap "1 - 2"

d3-array@3.2.1:
  version "3.2.1"
  resolved "https://artifactory.spotify.net/artifactory/api/npm/virtual-npm/d3-array/-/d3-array-3.2.1.tgz#39331ea706f5709417d31bbb6ec152e0328b39b3"
  integrity sha512-gUY/qeHq/yNqqoCKNq4vtpFLdoCdvyNpWoC/KNjhGbhDuQpAM9sIQQKkXSNpXa9h5KySs/gzm7R88WkUutgwWQ==
  dependencies:
    internmap "1 - 2"

"d3-color@1 - 3", d3-color@3.1.0:
  version "3.1.0"
  resolved "https://artifactory.spotify.net/artifactory/api/npm/virtual-npm/d3-color/-/d3-color-3.1.0.tgz#395b2833dfac71507f12ac2f7af23bf819de24e2"
  integrity sha512-zg/chbXyeBtMQ1LbD/WSoW2DpC3I0mpmPdW+ynRTj/x2DAWYrIY7qeZIHidozwV24m4iavr15lNwIwLxRmOxhA==

d3-delaunay@6.0.2:
  version "6.0.2"
  resolved "https://artifactory.spotify.net/artifactory/api/npm/virtual-npm/d3-delaunay/-/d3-delaunay-6.0.2.tgz#7fd3717ad0eade2fc9939f4260acfb503f984e92"
  integrity sha512-IMLNldruDQScrcfT+MWnazhHbDJhcRJyOEBAJfwQnHle1RPh6WDuLvxNArUju2VSMSUuKlY5BGHRJ2cYyoFLQQ==
  dependencies:
    delaunator "5"

"d3-format@1 - 3", d3-format@3.1.0:
  version "3.1.0"
  resolved "https://artifactory.spotify.net/artifactory/api/npm/virtual-npm/d3-format/-/d3-format-3.1.0.tgz#9260e23a28ea5cb109e93b21a06e24e2ebd55641"
  integrity sha512-YyUI6AEuY/Wpt8KWLgZHsIU86atmikuoOmCfommt0LYHiQSPjvX2AcFc38PX0CBpr2RCyZhjex+NS/LPOv6YqA==

d3-geo@3.1.0:
  version "3.1.0"
  resolved "https://artifactory.spotify.net/artifactory/api/npm/virtual-npm/d3-geo/-/d3-geo-3.1.0.tgz#74fd54e1f4cebd5185ac2039217a98d39b0a4c0e"
  integrity sha512-JEo5HxXDdDYXCaWdwLRt79y7giK8SbhZJbFWXqbRTolCHFI5jRqteLzCsq51NKbUoX0PjBVSohxrx+NoOUujYA==
  dependencies:
    d3-array "2.5.0 - 3"

d3-interpolate-path@2.2.1:
  version "2.2.1"
  resolved "https://artifactory.spotify.net/artifactory/api/npm/virtual-npm/d3-interpolate-path/-/d3-interpolate-path-2.2.1.tgz#fd8ff20a90aff3f380bcd1c15305e7b531e55d07"
  integrity sha512-6qLLh/KJVzls0XtMsMpcxhqMhgVEN7VIbR/6YGZe2qlS8KDgyyVB20XcmGnDyB051HcefQXM/Tppa9vcANEA4Q==

"d3-interpolate@1.2.0 - 3", d3-interpolate@3.0.1:
  version "3.0.1"
  resolved "https://artifactory.spotify.net/artifactory/api/npm/virtual-npm/d3-interpolate/-/d3-interpolate-3.0.1.tgz#3c47aa5b32c5b3dfb56ef3fd4342078a632b400d"
  integrity sha512-3bYs1rOD33uo8aqJfKP3JWPAibgw8Zm2+L9vBKEHJ2Rg+viTR7o5Mmv5mZcieN+FRYaAOWX5SJATX6k1PWz72g==
  dependencies:
    d3-color "1 - 3"

d3-path@1, d3-path@^1.0.5:
  version "1.0.9"
  resolved "https://artifactory.spotify.net/artifactory/api/npm/virtual-npm/d3-path/-/d3-path-1.0.9.tgz#48c050bb1fe8c262493a8caf5524e3e9591701cf"
  integrity sha512-VLaYcn81dtHVTjEHd8B+pbe9yHWpXKZUC87PzoFmsFrJqgFwDe/qxfp5MlfsfM1V5E/iVt0MmEbWQ7FVIXh/bg==

"d3-path@1 - 2":
  version "2.0.0"
  resolved "https://artifactory.spotify.net/artifactory/api/npm/virtual-npm/d3-path/-/d3-path-2.0.0.tgz#55d86ac131a0548adae241eebfb56b4582dd09d8"
  integrity sha512-ZwZQxKhBnv9yHaiWd6ZU4x5BtCQ7pXszEV9CU6kRgwIQVQGLMv1oiL4M+MK/n79sYzsj+gcgpPQSctJUsLN7fA==

d3-scale@4.0.2:
  version "4.0.2"
  resolved "https://artifactory.spotify.net/artifactory/api/npm/virtual-npm/d3-scale/-/d3-scale-4.0.2.tgz#82b38e8e8ff7080764f8dcec77bd4be393689396"
  integrity sha512-GZW464g1SH7ag3Y7hXjf8RoUuAFIqklOAq3MRl4OaWabTFJY9PN/E1YklhXLh+OQ3fM9yS2nOkCoS+WLZ6kvxQ==
  dependencies:
    d3-array "2.10.0 - 3"
    d3-format "1 - 3"
    d3-interpolate "1.2.0 - 3"
    d3-time "2.1.1 - 3"
    d3-time-format "2 - 4"

d3-shape@^1.0.6, d3-shape@^1.2.0:
  version "1.3.7"
  resolved "https://artifactory.spotify.net/artifactory/api/npm/virtual-npm/d3-shape/-/d3-shape-1.3.7.tgz#df63801be07bc986bc54f63789b4fe502992b5d7"
  integrity sha512-EUkvKjqPFUAZyOlhY5gzCxCeI0Aep04LwIRpsZ/mLFelJiUfnK56jo5JMDSE7yyP2kLSb6LtF+S5chMk7uqPqw==
  dependencies:
    d3-path "1"

d3-shape@^2.0.0:
  version "2.1.0"
  resolved "https://artifactory.spotify.net/artifactory/api/npm/virtual-npm/d3-shape/-/d3-shape-2.1.0.tgz#3b6a82ccafbc45de55b57fcf956c584ded3b666f"
  integrity sha512-PnjUqfM2PpskbSLTJvAzp2Wv4CZsnAgTfcVRTwW03QR3MkXF8Uo7B1y/lWkAsmbKwuecto++4NlsYcvYpXpTHA==
  dependencies:
    d3-path "1 - 2"

"d3-time-format@2 - 4", d3-time-format@4.1.0:
  version "4.1.0"
  resolved "https://artifactory.spotify.net/artifactory/api/npm/virtual-npm/d3-time-format/-/d3-time-format-4.1.0.tgz#7ab5257a5041d11ecb4fe70a5c7d16a195bb408a"
  integrity sha512-dJxPBlzC7NugB2PDLwo9Q8JiTR3M3e4/XANkreKSUxF8vvXKqm1Yfq4Q5dl8budlunRVlUUaDUgFt7eA8D6NLg==
  dependencies:
    d3-time "1 - 3"

"d3-time@1 - 3", "d3-time@2.1.1 - 3", d3-time@3.1.0:
  version "3.1.0"
  resolved "https://artifactory.spotify.net/artifactory/api/npm/virtual-npm/d3-time/-/d3-time-3.1.0.tgz#9310db56e992e3c0175e1ef385e545e48a9bb5c7"
  integrity sha512-VqKjzBLejbSMT4IgbmVgDjpkYrNWUYJnbCGo874u7MMKIWsILRX+OpX/gTk8MqjpT1A/c6HY2dCA77ZN0lkQ2Q==
  dependencies:
    d3-array "2 - 3"

d3-voronoi@^1.1.2:
  version "1.1.4"
  resolved "https://artifactory.spotify.net/artifactory/api/npm/virtual-npm/d3-voronoi/-/d3-voronoi-1.1.4.tgz#dd3c78d7653d2bb359284ae478645d95944c8297"
  integrity sha512-dArJ32hchFsrQ8uMiTBLq256MpnZjeuBtdHpaDlYuQyjU0CVzCJl/BVW+SkszaAeH95D/8gxqAhgx0ouAWAfRg==

debounce@^1.2.1:
  version "1.2.1"
  resolved "https://artifactory.spotify.net/artifactory/api/npm/virtual-npm/debounce/-/debounce-1.2.1.tgz#38881d8f4166a5c5848020c11827b834bcb3e0a5"
  integrity sha512-XRRe6Glud4rd/ZGQfiV1ruXSfbvfJedlV9Y6zOlP+2K04vBYiJEte6stfFkCP03aMnY5tsipamumUjL14fofug==

delaunator@5:
  version "5.0.1"
  resolved "https://artifactory.spotify.net/artifactory/api/npm/virtual-npm/delaunator/-/delaunator-5.0.1.tgz#39032b08053923e924d6094fe2cde1a99cc51278"
  integrity sha512-8nvh+XBe96aCESrGOqMp/84b13H9cdKbG5P2ejQCh4d4sK9RL4371qou9drQjMhvnPmhWl5hnmqbEE0fXr9Xnw==
  dependencies:
    robust-predicates "^3.0.2"

"internmap@1 - 2", internmap@2.0.3:
  version "2.0.3"
  resolved "https://artifactory.spotify.net/artifactory/api/npm/virtual-npm/internmap/-/internmap-2.0.3.tgz#6685f23755e43c524e251d29cbc97248e3061009"
  integrity sha512-5Hh7Y1wQbvY5ooGgPbDaL5iYLAPzMTUrjMulskHLH6wnv/A+1q5rgEaiuqEjB+oxGXIVZs1FF+R/KPN3ZSQYYg==

"js-tokens@^3.0.0 || ^4.0.0":
  version "4.0.0"
  resolved "https://artifactory.spotify.net/artifactory/api/npm/virtual-npm/js-tokens/-/js-tokens-4.0.0.tgz#19203fb59991df98e3a287050d4647cdeaf32499"
  integrity sha512-RdJUflcE3cUzKiMqQgsCu06FPu9UdIJO0beYbPhHN4k6apgJtifcoCtT9bcxOpYBtpD2kCM6Sbzg4CausW/PKQ==

lodash@^4.17.21:
  version "4.17.21"
  resolved "https://artifactory.spotify.net/artifactory/api/npm/virtual-npm/lodash/-/lodash-4.17.21.tgz#679591c564c3bffaae8454cf0b3df370c3d6911c"
  integrity sha512-v2kDEe57lecTulaDIuNTPy3Ry4gLGJ6Z1O3vE1krgXZNrsQ+LFTGHVxVjcXPs17LhbZVGedAJv8XZ1tvj5FvSg==

loose-envify@^1.4.0:
  version "1.4.0"
  resolved "https://artifactory.spotify.net/artifactory/api/npm/virtual-npm/loose-envify/-/loose-envify-1.4.0.tgz#71ee51fa7be4caec1a63839f7e682d8132d30caf"
  integrity sha512-lyuxPGr/Wfhrlem2CL/UcnUc1zcqKAImBDzukY7Y5F/yQiNdko6+fRLevlw1HgMySw7f611UIY408EtxRSoK3Q==
  dependencies:
    js-tokens "^3.0.0 || ^4.0.0"

math-expression-evaluator@^1.2.14:
  version "1.4.0"
  resolved "https://artifactory.spotify.net/artifactory/api/npm/virtual-npm/math-expression-evaluator/-/math-expression-evaluator-1.4.0.tgz#3d66031117fbb7b9715ea6c9c68c2cd2eebd37e2"
  integrity sha512-4vRUvPyxdO8cWULGTh9dZWL2tZK6LDBvj+OGHBER7poH9Qdt7kXEoj20wiz4lQUbUXQZFjPbe5mVDo9nutizCw==

mitt@^2.1.0:
  version "2.1.0"
  resolved "https://artifactory.spotify.net/artifactory/api/npm/virtual-npm/mitt/-/mitt-2.1.0.tgz#f740577c23176c6205b121b2973514eade1b2230"
  integrity sha512-ILj2TpLiysu2wkBbWjAmww7TkZb65aiQO+DkVdUTBpBXq+MHYiETENkKFMtsJZX1Lf4pe4QOrTSjIfUwN5lRdg==

object-assign@^4.1.1:
  version "4.1.1"
  resolved "https://artifactory.spotify.net/artifactory/api/npm/virtual-npm/object-assign/-/object-assign-4.1.1.tgz#2109adc7965887cfc05cbbd442cac8bfbb360863"
  integrity sha512-rJgTQnkUnH1sFw8yT6VSU3zD3sWmu6sZhIseY8VX+GRu3P6F7Fu+JNDoXfklElbLJSnc3FUQHVe4cU5hj+BcUg==

prop-types@^15.5.10, prop-types@^15.6.0, prop-types@^15.6.1, prop-types@^15.6.2, prop-types@^15.7.2:
  version "15.8.1"
  resolved "https://artifactory.spotify.net/artifactory/api/npm/virtual-npm/prop-types/-/prop-types-15.8.1.tgz#67d87bf1a694f48435cf332c24af10214a3140b5"
  integrity sha512-oj87CgZICdulUohogVAR7AjlC0327U4el4L6eAvOqCeudMDVU0NThNaV+b9Df4dXgSP1gXMTnPdhfe/2qDH5cg==
  dependencies:
    loose-envify "^1.4.0"
    object-assign "^4.1.1"
    react-is "^16.13.1"

react-is@^16.13.1:
  version "16.13.1"
  resolved "https://artifactory.spotify.net/artifactory/api/npm/virtual-npm/react-is/-/react-is-16.13.1.tgz#789729a4dc36de2999dc156dd6c1d9c18cea56a4"
  integrity sha512-24e6ynE2H+OKt4kqsOvNd8kBpV65zoxbA4BVsEOB3ARVWQki/DHzaUoC5KuON/BiccDaCCTZBuOcfZs70kR8bQ==

react-use-measure@^2.0.4:
  version "2.1.1"
  resolved "https://artifactory.spotify.net/artifactory/api/npm/virtual-npm/react-use-measure/-/react-use-measure-2.1.1.tgz#5824537f4ee01c9469c45d5f7a8446177c6cc4ba"
  integrity sha512-nocZhN26cproIiIduswYpV5y5lQpSQS1y/4KuvUCjSKmw7ZWIS/+g3aFnX3WdBkyuGUtTLif3UTqnLLhbDoQig==
  dependencies:
    debounce "^1.2.1"

reduce-css-calc@^1.3.0:
  version "1.3.0"
  resolved "https://artifactory.spotify.net/artifactory/api/npm/virtual-npm/reduce-css-calc/-/reduce-css-calc-1.3.0.tgz#747c914e049614a4c9cfbba629871ad1d2927716"
  integrity sha512-0dVfwYVOlf/LBA2ec4OwQ6p3X9mYxn/wOl2xTcLwjnPYrkgEfPx3VI4eGCH3rQLlPISG5v9I9bkZosKsNRTRKA==
  dependencies:
    balanced-match "^0.4.2"
    math-expression-evaluator "^1.2.14"
    reduce-function-call "^1.0.1"

reduce-function-call@^1.0.1:
  version "1.0.3"
  resolved "https://artifactory.spotify.net/artifactory/api/npm/virtual-npm/reduce-function-call/-/reduce-function-call-1.0.3.tgz#60350f7fb252c0a67eb10fd4694d16909971300f"
  integrity sha512-Hl/tuV2VDgWgCSEeWMLwxLZqX7OK59eU1guxXsRKTAyeYimivsKdtcV4fu3r710tpG5GmDKDhQ0HSZLExnNmyQ==
  dependencies:
    balanced-match "^1.0.0"

robust-predicates@^3.0.2:
  version "3.0.2"
  resolved "https://artifactory.spotify.net/artifactory/api/npm/virtual-npm/robust-predicates/-/robust-predicates-3.0.2.tgz#d5b28528c4824d20fc48df1928d41d9efa1ad771"
  integrity sha512-IXgzBWvWQwE6PrDI05OvmXUIruQTcoMDzRsOd5CDvHCVLcLHMTSYvOK5Cm46kWqlV3yAbuSpBZdJ5oP5OUoStg==

typescript@^5.4.5:
  version "5.4.5"
  resolved "https://artifactory.spotify.net/artifactory/api/npm/virtual-npm/typescript/-/typescript-5.4.5.tgz#42ccef2c571fdbd0f6718b1d1f5e6e5ef006f611"
  integrity sha512-vcI4UpRgg81oIRUFwR0WSIHKt11nJ7SAVlYNIu+QpqeyXP+gpQJy/Z4+F0aGxSE4MqwjyXvW/TzgkLAx2AGHwQ==
